{
  "nodes": {
    "flake-schemas": {
      "locked": {
        "lastModified": 1721999734,
        "narHash": "sha256-G5CxYeJVm4lcEtaO87LKzOsVnWeTcHGKbKxNamNWgOw=",
        "rev": "0a5c42297d870156d9c57d8f99e476b738dcd982",
        "revCount": 75,
        "type": "tarball",
        "url": "https://api.flakehub.com/f/pinned/DeterminateSystems/flake-schemas/0.1.5/0190ef2f-61e0-794b-ba14-e82f225e55e6/source.tar.gz"
      },
      "original": {
        "type": "tarball",
        "url": "https://flakehub.com/f/DeterminateSystems/flake-schemas/%3D0.1.5.tar.gz"
      }
    },
    "home-manager": {
      "inputs": {
        "nixpkgs": [
          "nixpkgs"
        ]
      },
      "locked": {
        "lastModified": 1769132734,
        "narHash": "sha256-gmU9cRplrQWqoback9PgQX7Dlsdx8JlhlVZwf0q1F7E=",
        "owner": "nix-community",
        "repo": "home-manager",
        "rev": "d055b309a6277343cb1033a11d7500f0a0f669fc",
        "type": "github"
      },
      "original": {
        "owner": "nix-community",
        "repo": "home-manager",
        "type": "github"
      }
    },
    "jovian": {
      "inputs": {
        "nix-github-actions": "nix-github-actions",
        "nixpkgs": [
          "nixpkgs"
        ]
      },
      "locked": {
        "lastModified": 1769153735,
        "narHash": "sha256-ZMMGBhFx7MSxn8PV33MfJDN5AwEm1qur2I+ygaCeMOg=",
        "owner": "Jovian-Experiments",
        "repo": "Jovian-NixOS",
        "rev": "ecddd35ae96e09e50c7cf0b0d7b3ca71ebb245ad",
        "type": "github"
      },
      "original": {
        "owner": "Jovian-Experiments",
        "repo": "Jovian-NixOS",
        "type": "github"
      }
    },
    "nix-github-actions": {
      "inputs": {
        "nixpkgs": [
          "jovian",
          "nixpkgs"
        ]
      },
      "locked": {
        "lastModified": 1729697500,
        "narHash": "sha256-VFTWrbzDlZyFHHb1AlKRiD/qqCJIripXKiCSFS8fAOY=",
        "owner": "zhaofengli",
        "repo": "nix-github-actions",
        "rev": "e418aeb728b6aa5ca8c5c71974e7159c2df1d8cf",
        "type": "github"
      },
      "original": {
        "owner": "zhaofengli",
        "ref": "matrix-name",
        "repo": "nix-github-actions",
        "type": "github"
      }
    },
    "nixpkgs": {
      "locked": {
        "lastModified": 1769018530,
        "narHash": "sha256-MJ27Cy2NtBEV5tsK+YraYr2g851f3Fl1LpNHDzDX15c=",
        "owner": "NixOS",
        "repo": "nixpkgs",
        "rev": "88d3861acdd3d2f0e361767018218e51810df8a1",
        "type": "github"
      },
      "original": {
        "owner": "NixOS",
        "ref": "nixos-unstable",
        "repo": "nixpkgs",
        "type": "github"
      }
    },
    "root": {
      "inputs": {
        "flake-schemas": "flake-schemas",
        "home-manager": "home-manager",
        "jovian": "jovian",
        "nixpkgs": "nixpkgs",
        "rust-overlay": "rust-overlay"
      }
    },
    "rust-overlay": {
      "inputs": {
        "nixpkgs": [
          "nixpkgs"
        ]
      },
      "locked": {
        "lastModified": 1769136478,
        "narHash": "sha256-8UNd5lmGf8phCr/aKxagJ4kNsF0pCHLish2G4ZKCFFY=",
        "owner": "oxalica",
        "repo": "rust-overlay",
        "rev": "470ee44393bb19887056b557ea2c03fc5230bd5a",
        "type": "github"
      },
      "original": {
        "owner": "oxalica",
        "repo": "rust-overlay",
        "type": "github"
      }
    }
  },
  "root": "root",
  "version": 7
}
